
Microsoft Visual Studio Solution File, Format Version 12.00
# Visual Studio Version 16
VisualStudioVersion = 16.0.31321.278
MinimumVisualStudioVersion = 10.0.40219.1
Project("{FAE04EC0-301F-11D3-BF4B-00C04F79EFBC}") = "Contact_WebApp", "Contact_WebApp\Contact_WebApp.csproj", "{B202C641-9EA6-4527-80DF-216D85565EBE}"
EndProject
Global
	GlobalSection(SolutionConfigurationPlatforms) = preSolution
		Debug|Any CPU = Debug|Any CPU
		Release|Any CPU = Release|Any CPU
	EndGlobalSection
	GlobalSection(ProjectConfigurationPlatforms) = postSolution
		{B202C641-9EA6-4527-80DF-216D85565EBE}.Debug|Any CPU.ActiveCfg = Debug|Any CPU
		{B202C641-9EA6-4527-80DF-216D85565EBE}.Debug|Any CPU.Build.0 = Debug|Any CPU
		{B202C641-9EA6-4527-80DF-216D85565EBE}.Release|Any CPU.ActiveCfg = Release|Any CPU
		{B202C641-9EA6-4527-80DF-216D85565EBE}.Release|Any CPU.Build.0 = Release|Any CPU
	EndGlobalSection
	GlobalSection(SolutionProperties) = preSolution
		HideSolutionNode = FALSE
	EndGlobalSection
	GlobalSection(ExtensibilityGlobals) = postSolution
		SolutionGuid = {8D2C2474-4EB2-4398-A0B4-865966AAF2FB}
	EndGlobalSection
EndGlobal
